{
  "version": 4,
  "terraform_version": "1.0.6",
  "serial": 162,
  "lineage": "16b1d1e9-f3cf-2209-c9cd-c23a6809c7b2",
  "outputs": {
    "database_details": {
      "value": [
        {
          "clone": [],
          "connection_name": "injae-sandbox:australia-southeast1:contosouni-5274",
          "database_version": "SQLSERVER_2017_EXPRESS",
          "deletion_protection": false,
          "first_ip_address": "35.189.45.47",
          "id": "contosouni-5274",
          "ip_address": [
            {
              "ip_address": "35.189.45.47",
              "time_to_retire": "",
              "type": "PRIMARY"
            }
          ],
          "master_instance_name": "",
          "name": "contosouni-5274",
          "private_ip_address": "",
          "project": "injae-sandbox",
          "public_ip_address": "35.189.45.47",
          "region": "australia-southeast1",
          "replica_configuration": [],
          "restore_backup_context": [],
          "root_password": "P@55w0rd!",
          "self_link": "https://sqladmin.googleapis.com/sql/v1beta4/projects/injae-sandbox/instances/contosouni-5274",
          "server_ca_cert": [
            {
              "cert": "-----BEGIN CERTIFICATE-----\nMIIDfzCCAmegAwIBAgIBADANBgkqhkiG9w0BAQsFADB3MS0wKwYDVQQuEyQzZGU5\nMmI1Yi01OTFkLTRlZmQtOWE5Ny05OThmZjFkMDJiZmIxIzAhBgNVBAMTGkdvb2ds\nZSBDbG91ZCBTUUwgU2VydmVyIENBMRQwEgYDVQQKEwtHb29nbGUsIEluYzELMAkG\nA1UEBhMCVVMwHhcNMjEwOTA3MDQwNjUzWhcNMzEwOTA1MDQwNzUzWjB3MS0wKwYD\nVQQuEyQzZGU5MmI1Yi01OTFkLTRlZmQtOWE5Ny05OThmZjFkMDJiZmIxIzAhBgNV\nBAMTGkdvb2dsZSBDbG91ZCBTUUwgU2VydmVyIENBMRQwEgYDVQQKEwtHb29nbGUs\nIEluYzELMAkGA1UEBhMCVVMwggEiMA0GCSqGSIb3DQEBAQUAA4IBDwAwggEKAoIB\nAQC/mPD7swF05vFP3A5x09eZwcPWmLfUa+6SMaTDswQmyumUGZslGkpQ2x579fFV\nOqGDzY/EfrROG/ojs9zYauXV/0hL6p7RzE+7R0ASzpSjUFYNbReeZstKItMRPo6z\nms6+4O7s1NVXjKxyUnQ77sgJ7Dh+Won7isJSHGZpOmB1ISBkNgAnCDMXNek8URzT\nyz5Jf1/ebhprLnHKZemhKKLZwXc0Oqt/ivQ7JkXQTPlsYx3lpVRp/5pG2IHdc0Gx\nzBnO87dx9BSWCGNAORKTQJ8gdaH0uF1GPKOaNYf2/zz9YUVQhswqCtATXyngEoTN\ngIw6jQriiN0riX3eyRVHxkWfAgMBAAGjFjAUMBIGA1UdEwEB/wQIMAYBAf8CAQAw\nDQYJKoZIhvcNAQELBQADggEBAKeJX3pfdBRcjNwnENOI8Bp1kDl7hNa8vlCkG0OE\nuUTzmwiEG00SmXu05LrgnOW2bJ5hjBOWiZiq69vvHSuzjtWm1+BTcRQXUXm5jUWF\nWsEWvRzNLcJHj8u/j58rYPsZQvxKgEHazmH0oP2ggR7lCu7JiID//U+YB/OrgwAe\ngL+NDpBhqhzy1jq9tqS5cxu1Y6rYKzw7oo11i3ijmmgVrF2Lpo5DbpbWN6HczYAI\nuxytNo+DAWGBJ5CFugYW/M+90n7XqQNwQ93a+JOu8RyBbj4PLi9p8tvjOqmkRmj/\nMP6LllnA9Fn1fIN9reOY96mUrfRRSz0oL/ntuVuqvkZTOPs=\n-----END CERTIFICATE-----",
              "common_name": "C=US,O=Google\\, Inc,CN=Google Cloud SQL Server CA,dnQualifier=3de92b5b-591d-4efd-9a97-998ff1d02bfb",
              "create_time": "2021-09-07T04:06:53.490Z",
              "expiration_time": "2031-09-05T04:07:53.490Z",
              "sha1_fingerprint": "1ca006bcd9446a49efd50d35a11df52b5203d83c"
            }
          ],
          "service_account_email_address": "p615294297270-0bmh1f@gcp-sa-cloud-sql.iam.gserviceaccount.com",
          "settings": [
            {
              "activation_policy": "ALWAYS",
              "authorized_gae_applications": [],
              "availability_type": "ZONAL",
              "backup_configuration": [
                {
                  "backup_retention_settings": [
                    {
                      "retained_backups": 7,
                      "retention_unit": "COUNT"
                    }
                  ],
                  "binary_log_enabled": false,
                  "enabled": false,
                  "location": "",
                  "point_in_time_recovery_enabled": false,
                  "start_time": "18:00",
                  "transaction_log_retention_days": 7
                }
              ],
              "collation": "",
              "crash_safe_replication": false,
              "database_flags": [],
              "disk_autoresize": true,
              "disk_autoresize_limit": 0,
              "disk_size": 10,
              "disk_type": "PD_SSD",
              "insights_config": [],
              "ip_configuration": [
                {
                  "authorized_networks": [
                    {
                      "expiration_time": "",
                      "name": "allowed-0.0.0.0/0",
                      "value": "0.0.0.0/0"
                    }
                  ],
                  "ipv4_enabled": true,
                  "private_network": "",
                  "require_ssl": false
                }
              ],
              "location_preference": [
                {
                  "follow_gae_application": "",
                  "zone": "australia-southeast1-a"
                }
              ],
              "maintenance_window": [],
              "pricing_plan": "PER_USE",
              "replication_type": "SYNCHRONOUS",
              "tier": "db-custom-2-3840",
              "user_labels": {},
              "version": 1
            }
          ],
          "timeouts": null
        }
      ],
      "type": [
        "tuple",
        [
          [
            "object",
            {
              "clone": [
                "list",
                [
                  "object",
                  {
                    "point_in_time": "string",
                    "source_instance_name": "string"
                  }
                ]
              ],
              "connection_name": "string",
              "database_version": "string",
              "deletion_protection": "bool",
              "first_ip_address": "string",
              "id": "string",
              "ip_address": [
                "list",
                [
                  "object",
                  {
                    "ip_address": "string",
                    "time_to_retire": "string",
                    "type": "string"
                  }
                ]
              ],
              "master_instance_name": "string",
              "name": "string",
              "private_ip_address": "string",
              "project": "string",
              "public_ip_address": "string",
              "region": "string",
              "replica_configuration": [
                "list",
                [
                  "object",
                  {
                    "ca_certificate": "string",
                    "client_certificate": "string",
                    "client_key": "string",
                    "connect_retry_interval": "number",
                    "dump_file_path": "string",
                    "failover_target": "bool",
                    "master_heartbeat_period": "number",
                    "password": "string",
                    "ssl_cipher": "string",
                    "username": "string",
                    "verify_server_certificate": "bool"
                  }
                ]
              ],
              "restore_backup_context": [
                "list",
                [
                  "object",
                  {
                    "backup_run_id": "number",
                    "instance_id": "string",
                    "project": "string"
                  }
                ]
              ],
              "root_password": "string",
              "self_link": "string",
              "server_ca_cert": [
                "list",
                [
                  "object",
                  {
                    "cert": "string",
                    "common_name": "string",
                    "create_time": "string",
                    "expiration_time": "string",
                    "sha1_fingerprint": "string"
                  }
                ]
              ],
              "service_account_email_address": "string",
              "settings": [
                "list",
                [
                  "object",
                  {
                    "activation_policy": "string",
                    "authorized_gae_applications": [
                      "list",
                      "string"
                    ],
                    "availability_type": "string",
                    "backup_configuration": [
                      "list",
                      [
                        "object",
                        {
                          "backup_retention_settings": [
                            "list",
                            [
                              "object",
                              {
                                "retained_backups": "number",
                                "retention_unit": "string"
                              }
                            ]
                          ],
                          "binary_log_enabled": "bool",
                          "enabled": "bool",
                          "location": "string",
                          "point_in_time_recovery_enabled": "bool",
                          "start_time": "string",
                          "transaction_log_retention_days": "number"
                        }
                      ]
                    ],
                    "collation": "string",
                    "crash_safe_replication": "bool",
                    "database_flags": [
                      "list",
                      [
                        "object",
                        {
                          "name": "string",
                          "value": "string"
                        }
                      ]
                    ],
                    "disk_autoresize": "bool",
                    "disk_autoresize_limit": "number",
                    "disk_size": "number",
                    "disk_type": "string",
                    "insights_config": [
                      "list",
                      [
                        "object",
                        {
                          "query_insights_enabled": "bool",
                          "query_string_length": "number",
                          "record_application_tags": "bool",
                          "record_client_address": "bool"
                        }
                      ]
                    ],
                    "ip_configuration": [
                      "list",
                      [
                        "object",
                        {
                          "authorized_networks": [
                            "set",
                            [
                              "object",
                              {
                                "expiration_time": "string",
                                "name": "string",
                                "value": "string"
                              }
                            ]
                          ],
                          "ipv4_enabled": "bool",
                          "private_network": "string",
                          "require_ssl": "bool"
                        }
                      ]
                    ],
                    "location_preference": [
                      "list",
                      [
                        "object",
                        {
                          "follow_gae_application": "string",
                          "zone": "string"
                        }
                      ]
                    ],
                    "maintenance_window": [
                      "list",
                      [
                        "object",
                        {
                          "day": "number",
                          "hour": "number",
                          "update_track": "string"
                        }
                      ]
                    ],
                    "pricing_plan": "string",
                    "replication_type": "string",
                    "tier": "string",
                    "user_labels": [
                      "map",
                      "string"
                    ],
                    "version": "number"
                  }
                ]
              ],
              "timeouts": [
                "object",
                {
                  "create": "string",
                  "delete": "string",
                  "update": "string"
                }
              ]
            }
          ]
        ]
      ],
      "sensitive": true
    },
    "database_self_links": {
      "value": [
        "https://sqladmin.googleapis.com/sql/v1beta4/projects/injae-sandbox/instances/contosouni-5274"
      ],
      "type": [
        "tuple",
        [
          "string"
        ]
      ]
    },
    "firewall_details": {
      "value": [
        {
          "allow": [
            {
              "ports": [
                "3389"
              ],
              "protocol": "TCP"
            }
          ],
          "creation_timestamp": "2021-09-06T21:06:45.760-07:00",
          "deny": [],
          "description": "",
          "destination_ranges": [],
          "direction": "INGRESS",
          "disabled": false,
          "enable_logging": null,
          "id": "projects/injae-sandbox/global/firewalls/allow-win-rdp-all",
          "log_config": [],
          "name": "allow-win-rdp-all",
          "network": "https://www.googleapis.com/compute/v1/projects/injae-sandbox/global/networks/contosovpc-5274",
          "priority": 1000,
          "project": "injae-sandbox",
          "self_link": "https://www.googleapis.com/compute/v1/projects/injae-sandbox/global/firewalls/allow-win-rdp-all",
          "source_ranges": [
            "0.0.0.0/0"
          ],
          "source_service_accounts": null,
          "source_tags": null,
          "target_service_accounts": null,
          "target_tags": null,
          "timeouts": null
        }
      ],
      "type": [
        "tuple",
        [
          [
            "object",
            {
              "allow": [
                "set",
                [
                  "object",
                  {
                    "ports": [
                      "list",
                      "string"
                    ],
                    "protocol": "string"
                  }
                ]
              ],
              "creation_timestamp": "string",
              "deny": [
                "set",
                [
                  "object",
                  {
                    "ports": [
                      "list",
                      "string"
                    ],
                    "protocol": "string"
                  }
                ]
              ],
              "description": "string",
              "destination_ranges": [
                "set",
                "string"
              ],
              "direction": "string",
              "disabled": "bool",
              "enable_logging": "bool",
              "id": "string",
              "log_config": [
                "list",
                [
                  "object",
                  {
                    "metadata": "string"
                  }
                ]
              ],
              "name": "string",
              "network": "string",
              "priority": "number",
              "project": "string",
              "self_link": "string",
              "source_ranges": [
                "set",
                "string"
              ],
              "source_service_accounts": [
                "set",
                "string"
              ],
              "source_tags": [
                "set",
                "string"
              ],
              "target_service_accounts": [
                "set",
                "string"
              ],
              "target_tags": [
                "set",
                "string"
              ],
              "timeouts": [
                "object",
                {
                  "create": "string",
                  "delete": "string",
                  "update": "string"
                }
              ]
            }
          ]
        ]
      ],
      "sensitive": true
    },
    "gke_details": {
      "value": [
        {
          "addons_config": [
            {
              "cloudrun_config": [],
              "horizontal_pod_autoscaling": [],
              "http_load_balancing": [],
              "network_policy_config": [
                {
                  "disabled": true
                }
              ]
            }
          ],
          "authenticator_groups_config": [],
          "cluster_autoscaling": [
            {
              "auto_provisioning_defaults": [],
              "enabled": false,
              "resource_limits": []
            }
          ],
          "cluster_ipv4_cidr": "10.0.8.0/21",
          "database_encryption": [
            {
              "key_name": "",
              "state": "DECRYPTED"
            }
          ],
          "datapath_provider": "",
          "default_max_pods_per_node": 110,
          "default_snat_status": [
            {
              "disabled": false
            }
          ],
          "description": "",
          "enable_autopilot": false,
          "enable_binary_authorization": false,
          "enable_intranode_visibility": false,
          "enable_kubernetes_alpha": false,
          "enable_legacy_abac": false,
          "enable_shielded_nodes": false,
          "enable_tpu": false,
          "endpoint": "35.244.122.203",
          "id": "projects/injae-sandbox/locations/australia-southeast1/clusters/contosouni-5274",
          "initial_node_count": 1,
          "instance_group_urls": [
            "https://www.googleapis.com/compute/v1/projects/injae-sandbox/zones/australia-southeast1-c/instanceGroups/gke-contosouni-5274-default-pool-9e999bce-grp",
            "https://www.googleapis.com/compute/v1/projects/injae-sandbox/zones/australia-southeast1-a/instanceGroups/gke-contosouni-5274-default-pool-2f9b07c9-grp",
            "https://www.googleapis.com/compute/v1/projects/injae-sandbox/zones/australia-southeast1-b/instanceGroups/gke-contosouni-5274-default-pool-5522bd92-grp"
          ],
          "ip_allocation_policy": [
            {
              "cluster_ipv4_cidr_block": "10.0.8.0/21",
              "cluster_secondary_range_name": "subnet-gke-pods",
              "services_ipv4_cidr_block": "10.0.16.0/21",
              "services_secondary_range_name": "subnet-gke-services"
            }
          ],
          "label_fingerprint": "a9dc16a7",
          "location": "australia-southeast1",
          "logging_service": "logging.googleapis.com/kubernetes",
          "maintenance_policy": [],
          "master_auth": [
            {
              "client_certificate": "",
              "client_certificate_config": [
                {
                  "issue_client_certificate": false
                }
              ],
              "client_key": "",
              "cluster_ca_certificate": "LS0tLS1CRUdJTiBDRVJUSUZJQ0FURS0tLS0tCk1JSUVMVENDQXBXZ0F3SUJBZ0lSQU51RUtrOEZmNmU3ajRYd1JrNFI4L013RFFZSktvWklodmNOQVFFTEJRQXcKTHpFdE1Dc0dBMVVFQXhNa1lXVXdOalV3T1RrdE1tWmxNUzAwTkdGaUxUa3lORGN0TUdVNE5UaGxZbUprWlRBMgpNQ0FYRFRJeE1Ea3dOekF6TURjek1Wb1lEekl3TlRFd09ETXhNRFF3TnpNeFdqQXZNUzB3S3dZRFZRUURFeVJoClpUQTJOVEE1T1MweVptVXhMVFEwWVdJdE9USTBOeTB3WlRnMU9HVmlZbVJsTURZd2dnR2lNQTBHQ1NxR1NJYjMKRFFFQkFRVUFBNElCandBd2dnR0tBb0lCZ1FEYWNqcktkbytEVHZsQWVwQWV3Y2RScjVkaVdCaExjeEhobjFnUwppT0JUNlc4enI1cDkwTHhlS29DZGNyWWRuR1hyL2VZbjJYYS9yYkRMdFliSkZmNEFheHUwU0RacnIvUlYzcnMrCkxnT3NlSWJyVEtEc2VCSE5FOEYrSEowYi9lQWlxVXJVTi9uNFNtWXRwKzM1N0hoNGwyZkhYRitmcXRheGpIbUUKRDdVQmVZeVZqTmxUNGNjMTVkb3FhdnNiM1dtSzFLOEhpeE1vV0JJd0o0SlVPK3N0dFQza2lwd1VQaHl2ZnBJQgpwd295WHhZVFY5YVBtVTg3QjliZE1ydDZLQURmYjVnK1RsanNIZFdIYUVaZkE3VG5SWUtWb0R0UVE1cUhjVXR1CjlzZlRpdyswU2dCdllqaEdNekRJazZ2MXgyaCtOM1U3QmN1UjJiMXVxTXZOeksrLzVrWlhCRmZ5L1k3eUgzVTUKZ1BoRnkxZVhIbkJ1N1YrNEl3b3c5c1N1V01MbXBtNGJiaktNVjJNNi9NNnI4VE9FaW45U3hzYVVPZjlPUTVBTQo3WHhTMGtjWE5KRU81MDFUNmJrcFJDcmEya091REVOR090Qnlzdk1EM0NMZzNrNk1Md05maExGenBpWlg5NXNYClhma1duLzRZVzFRME1QMjVZcXVUWjMwME9za0NBd0VBQWFOQ01FQXdEZ1lEVlIwUEFRSC9CQVFEQWdJRU1BOEcKQTFVZEV3RUIvd1FGTUFNQkFmOHdIUVlEVlIwT0JCWUVGRWZRR3h5WlNWUmZFYTlSeUZzU0l0NE9WYVlOTUEwRwpDU3FHU0liM0RRRUJDd1VBQTRJQmdRQWVGRVVTdUNkQkRZU0sxaU5lOXIyelcwa2syTVFuMFRaRExyQjBHc3FaClZDL05qUFNUUW5NZUtnNUxrZHltYUV5ayt1endNQzdzUGRvRnU4WElnUTFjVVdGNmNpY09EanNaWWNCVXR0bDcKa3BLcGdWVFN5OU90WFZZQlNQZHRvaFJjcGRzQ3BCMksyZ3VKYWZoWGltVFBzTm1wYW01RGI4Y0U0WVFIVHhMOApEWmppeGNtNkhrYlpZTTRaaG81U2xzV0tyMTQ2MXIwOEVzMVFsNlg4NUtkNEpPWVFJZGEwNVFVV2ZjbEs5ZzNTCnhvQjNDVXBLbkZFSnBSV21DczVGc1JLbFd0SGE2SXgySU1kNGJObmx3c2xHbHpaV0NkRDJEdlkrZjAyOE1OVEoKQ2R4eDZDalNlUTh4L05XMEJOREl1eXE3NUlsUlFpczl6Nm1KbVArWkdiUDY1VHE0cnRtbHpsNEJNNXU0ZENvZgpEZXZQOTRia0F4RWNCVlE3czlHWVFTUm5lbnQwQmVMNmhsWGpoVHJrVk9RemVpRThWS0xVdElWNnVubEZwMG1xClRrZVhFR2xESU9hcERUS0E5S1FSYXhRWHZWNnM3NWJmNlhUbU5TWlZCT2FTOEhmYy9NMVBMS1lOSkpqN29rNmYKTjNRRWlaaXE3TFc2eVYrbmVzMGhyQ0U9Ci0tLS0tRU5EIENFUlRJRklDQVRFLS0tLS0K",
              "password": "",
              "username": ""
            }
          ],
          "master_authorized_networks_config": [],
          "master_version": "1.20.8-gke.2100",
          "min_master_version": null,
          "monitoring_service": "monitoring.googleapis.com/kubernetes",
          "name": "contosouni-5274",
          "network": "projects/injae-sandbox/global/networks/contosovpc-5274",
          "network_policy": [
            {
              "enabled": false,
              "provider": "PROVIDER_UNSPECIFIED"
            }
          ],
          "networking_mode": "VPC_NATIVE",
          "node_config": [
            {
              "disk_size_gb": 100,
              "disk_type": "pd-standard",
              "guest_accelerator": [],
              "image_type": "COS_CONTAINERD",
              "labels": {},
              "local_ssd_count": 0,
              "machine_type": "e2-medium",
              "metadata": {
                "disable-legacy-endpoints": "true"
              },
              "min_cpu_platform": "",
              "oauth_scopes": [
                "https://www.googleapis.com/auth/devstorage.read_only",
                "https://www.googleapis.com/auth/logging.write",
                "https://www.googleapis.com/auth/monitoring",
                "https://www.googleapis.com/auth/service.management.readonly",
                "https://www.googleapis.com/auth/servicecontrol",
                "https://www.googleapis.com/auth/trace.append"
              ],
              "preemptible": false,
              "service_account": "default",
              "shielded_instance_config": [
                {
                  "enable_integrity_monitoring": true,
                  "enable_secure_boot": false
                }
              ],
              "tags": [],
              "taint": [],
              "workload_metadata_config": []
            }
          ],
          "node_locations": [
            "australia-southeast1-a",
            "australia-southeast1-b",
            "australia-southeast1-c"
          ],
          "node_pool": [
            {
              "autoscaling": [],
              "initial_node_count": 1,
              "instance_group_urls": [
                "https://www.googleapis.com/compute/v1/projects/injae-sandbox/zones/australia-southeast1-c/instanceGroupManagers/gke-contosouni-5274-default-pool-9e999bce-grp",
                "https://www.googleapis.com/compute/v1/projects/injae-sandbox/zones/australia-southeast1-a/instanceGroupManagers/gke-contosouni-5274-default-pool-2f9b07c9-grp",
                "https://www.googleapis.com/compute/v1/projects/injae-sandbox/zones/australia-southeast1-b/instanceGroupManagers/gke-contosouni-5274-default-pool-5522bd92-grp"
              ],
              "management": [
                {
                  "auto_repair": true,
                  "auto_upgrade": true
                }
              ],
              "max_pods_per_node": 110,
              "name": "default-pool",
              "name_prefix": "",
              "node_config": [
                {
                  "disk_size_gb": 100,
                  "disk_type": "pd-standard",
                  "guest_accelerator": [],
                  "image_type": "COS_CONTAINERD",
                  "labels": {},
                  "local_ssd_count": 0,
                  "machine_type": "e2-medium",
                  "metadata": {
                    "disable-legacy-endpoints": "true"
                  },
                  "min_cpu_platform": "",
                  "oauth_scopes": [
                    "https://www.googleapis.com/auth/devstorage.read_only",
                    "https://www.googleapis.com/auth/logging.write",
                    "https://www.googleapis.com/auth/monitoring",
                    "https://www.googleapis.com/auth/service.management.readonly",
                    "https://www.googleapis.com/auth/servicecontrol",
                    "https://www.googleapis.com/auth/trace.append"
                  ],
                  "preemptible": false,
                  "service_account": "default",
                  "shielded_instance_config": [
                    {
                      "enable_integrity_monitoring": true,
                      "enable_secure_boot": false
                    }
                  ],
                  "tags": [],
                  "taint": [],
                  "workload_metadata_config": []
                }
              ],
              "node_count": 1,
              "node_locations": [
                "australia-southeast1-a",
                "australia-southeast1-b",
                "australia-southeast1-c"
              ],
              "upgrade_settings": [
                {
                  "max_surge": 1,
                  "max_unavailable": 0
                }
              ],
              "version": "1.20.8-gke.2100"
            }
          ],
          "node_version": "1.20.8-gke.2100",
          "operation": null,
          "pod_security_policy_config": [],
          "private_cluster_config": [],
          "private_ipv6_google_access": "",
          "project": "injae-sandbox",
          "release_channel": [
            {
              "channel": "REGULAR"
            }
          ],
          "remove_default_node_pool": false,
          "resource_labels": null,
          "resource_usage_export_config": [],
          "self_link": "https://container.googleapis.com/v1beta1/projects/injae-sandbox/locations/australia-southeast1/clusters/contosouni-5274",
          "services_ipv4_cidr": "10.0.16.0/21",
          "subnetwork": "projects/injae-sandbox/regions/australia-southeast1/subnetworks/subnet1-5274",
          "timeouts": null,
          "tpu_ipv4_cidr_block": "",
          "vertical_pod_autoscaling": [],
          "workload_identity_config": []
        }
      ],
      "type": [
        "tuple",
        [
          [
            "object",
            {
              "addons_config": [
                "list",
                [
                  "object",
                  {
                    "cloudrun_config": [
                      "list",
                      [
                        "object",
                        {
                          "disabled": "bool",
                          "load_balancer_type": "string"
                        }
                      ]
                    ],
                    "horizontal_pod_autoscaling": [
                      "list",
                      [
                        "object",
                        {
                          "disabled": "bool"
                        }
                      ]
                    ],
                    "http_load_balancing": [
                      "list",
                      [
                        "object",
                        {
                          "disabled": "bool"
                        }
                      ]
                    ],
                    "network_policy_config": [
                      "list",
                      [
                        "object",
                        {
                          "disabled": "bool"
                        }
                      ]
                    ]
                  }
                ]
              ],
              "authenticator_groups_config": [
                "list",
                [
                  "object",
                  {
                    "security_group": "string"
                  }
                ]
              ],
              "cluster_autoscaling": [
                "list",
                [
                  "object",
                  {
                    "auto_provisioning_defaults": [
                      "list",
                      [
                        "object",
                        {
                          "oauth_scopes": [
                            "list",
                            "string"
                          ],
                          "service_account": "string"
                        }
                      ]
                    ],
                    "enabled": "bool",
                    "resource_limits": [
                      "list",
                      [
                        "object",
                        {
                          "maximum": "number",
                          "minimum": "number",
                          "resource_type": "string"
                        }
                      ]
                    ]
                  }
                ]
              ],
              "cluster_ipv4_cidr": "string",
              "database_encryption": [
                "list",
                [
                  "object",
                  {
                    "key_name": "string",
                    "state": "string"
                  }
                ]
              ],
              "datapath_provider": "string",
              "default_max_pods_per_node": "number",
              "default_snat_status": [
                "list",
                [
                  "object",
                  {
                    "disabled": "bool"
                  }
                ]
              ],
              "description": "string",
              "enable_autopilot": "bool",
              "enable_binary_authorization": "bool",
              "enable_intranode_visibility": "bool",
              "enable_kubernetes_alpha": "bool",
              "enable_legacy_abac": "bool",
              "enable_shielded_nodes": "bool",
              "enable_tpu": "bool",
              "endpoint": "string",
              "id": "string",
              "initial_node_count": "number",
              "instance_group_urls": [
                "list",
                "string"
              ],
              "ip_allocation_policy": [
                "list",
                [
                  "object",
                  {
                    "cluster_ipv4_cidr_block": "string",
                    "cluster_secondary_range_name": "string",
                    "services_ipv4_cidr_block": "string",
                    "services_secondary_range_name": "string"
                  }
                ]
              ],
              "label_fingerprint": "string",
              "location": "string",
              "logging_service": "string",
              "maintenance_policy": [
                "list",
                [
                  "object",
                  {
                    "daily_maintenance_window": [
                      "list",
                      [
                        "object",
                        {
                          "duration": "string",
                          "start_time": "string"
                        }
                      ]
                    ],
                    "maintenance_exclusion": [
                      "set",
                      [
                        "object",
                        {
                          "end_time": "string",
                          "exclusion_name": "string",
                          "start_time": "string"
                        }
                      ]
                    ],
                    "recurring_window": [
                      "list",
                      [
                        "object",
                        {
                          "end_time": "string",
                          "recurrence": "string",
                          "start_time": "string"
                        }
                      ]
                    ]
                  }
                ]
              ],
              "master_auth": [
                "list",
                [
                  "object",
                  {
                    "client_certificate": "string",
                    "client_certificate_config": [
                      "list",
                      [
                        "object",
                        {
                          "issue_client_certificate": "bool"
                        }
                      ]
                    ],
                    "client_key": "string",
                    "cluster_ca_certificate": "string",
                    "password": "string",
                    "username": "string"
                  }
                ]
              ],
              "master_authorized_networks_config": [
                "list",
                [
                  "object",
                  {
                    "cidr_blocks": [
                      "set",
                      [
                        "object",
                        {
                          "cidr_block": "string",
                          "display_name": "string"
                        }
                      ]
                    ]
                  }
                ]
              ],
              "master_version": "string",
              "min_master_version": "string",
              "monitoring_service": "string",
              "name": "string",
              "network": "string",
              "network_policy": [
                "list",
                [
                  "object",
                  {
                    "enabled": "bool",
                    "provider": "string"
                  }
                ]
              ],
              "networking_mode": "string",
              "node_config": [
                "list",
                [
                  "object",
                  {
                    "disk_size_gb": "number",
                    "disk_type": "string",
                    "guest_accelerator": [
                      "list",
                      [
                        "object",
                        {
                          "count": "number",
                          "type": "string"
                        }
                      ]
                    ],
                    "image_type": "string",
                    "labels": [
                      "map",
                      "string"
                    ],
                    "local_ssd_count": "number",
                    "machine_type": "string",
                    "metadata": [
                      "map",
                      "string"
                    ],
                    "min_cpu_platform": "string",
                    "oauth_scopes": [
                      "set",
                      "string"
                    ],
                    "preemptible": "bool",
                    "service_account": "string",
                    "shielded_instance_config": [
                      "list",
                      [
                        "object",
                        {
                          "enable_integrity_monitoring": "bool",
                          "enable_secure_boot": "bool"
                        }
                      ]
                    ],
                    "tags": [
                      "list",
                      "string"
                    ],
                    "taint": [
                      "list",
                      [
                        "object",
                        {
                          "effect": "string",
                          "key": "string",
                          "value": "string"
                        }
                      ]
                    ],
                    "workload_metadata_config": [
                      "list",
                      [
                        "object",
                        {
                          "node_metadata": "string"
                        }
                      ]
                    ]
                  }
                ]
              ],
              "node_locations": [
                "set",
                "string"
              ],
              "node_pool": [
                "list",
                [
                  "object",
                  {
                    "autoscaling": [
                      "list",
                      [
                        "object",
                        {
                          "max_node_count": "number",
                          "min_node_count": "number"
                        }
                      ]
                    ],
                    "initial_node_count": "number",
                    "instance_group_urls": [
                      "list",
                      "string"
                    ],
                    "management": [
                      "list",
                      [
                        "object",
                        {
                          "auto_repair": "bool",
                          "auto_upgrade": "bool"
                        }
                      ]
                    ],
                    "max_pods_per_node": "number",
                    "name": "string",
                    "name_prefix": "string",
                    "node_config": [
                      "list",
                      [
                        "object",
                        {
                          "disk_size_gb": "number",
                          "disk_type": "string",
                          "guest_accelerator": [
                            "list",
                            [
                              "object",
                              {
                                "count": "number",
                                "type": "string"
                              }
                            ]
                          ],
                          "image_type": "string",
                          "labels": [
                            "map",
                            "string"
                          ],
                          "local_ssd_count": "number",
                          "machine_type": "string",
                          "metadata": [
                            "map",
                            "string"
                          ],
                          "min_cpu_platform": "string",
                          "oauth_scopes": [
                            "set",
                            "string"
                          ],
                          "preemptible": "bool",
                          "service_account": "string",
                          "shielded_instance_config": [
                            "list",
                            [
                              "object",
                              {
                                "enable_integrity_monitoring": "bool",
                                "enable_secure_boot": "bool"
                              }
                            ]
                          ],
                          "tags": [
                            "list",
                            "string"
                          ],
                          "taint": [
                            "list",
                            [
                              "object",
                              {
                                "effect": "string",
                                "key": "string",
                                "value": "string"
                              }
                            ]
                          ],
                          "workload_metadata_config": [
                            "list",
                            [
                              "object",
                              {
                                "node_metadata": "string"
                              }
                            ]
                          ]
                        }
                      ]
                    ],
                    "node_count": "number",
                    "node_locations": [
                      "set",
                      "string"
                    ],
                    "upgrade_settings": [
                      "list",
                      [
                        "object",
                        {
                          "max_surge": "number",
                          "max_unavailable": "number"
                        }
                      ]
                    ],
                    "version": "string"
                  }
                ]
              ],
              "node_version": "string",
              "operation": "string",
              "pod_security_policy_config": [
                "list",
                [
                  "object",
                  {
                    "enabled": "bool"
                  }
                ]
              ],
              "private_cluster_config": [
                "list",
                [
                  "object",
                  {
                    "enable_private_endpoint": "bool",
                    "enable_private_nodes": "bool",
                    "master_global_access_config": [
                      "list",
                      [
                        "object",
                        {
                          "enabled": "bool"
                        }
                      ]
                    ],
                    "master_ipv4_cidr_block": "string",
                    "peering_name": "string",
                    "private_endpoint": "string",
                    "public_endpoint": "string"
                  }
                ]
              ],
              "private_ipv6_google_access": "string",
              "project": "string",
              "release_channel": [
                "list",
                [
                  "object",
                  {
                    "channel": "string"
                  }
                ]
              ],
              "remove_default_node_pool": "bool",
              "resource_labels": [
                "map",
                "string"
              ],
              "resource_usage_export_config": [
                "list",
                [
                  "object",
                  {
                    "bigquery_destination": [
                      "list",
                      [
                        "object",
                        {
                          "dataset_id": "string"
                        }
                      ]
                    ],
                    "enable_network_egress_metering": "bool",
                    "enable_resource_consumption_metering": "bool"
                  }
                ]
              ],
              "self_link": "string",
              "services_ipv4_cidr": "string",
              "subnetwork": "string",
              "timeouts": [
                "object",
                {
                  "create": "string",
                  "delete": "string",
                  "read": "string",
                  "update": "string"
                }
              ],
              "tpu_ipv4_cidr_block": "string",
              "vertical_pod_autoscaling": [
                "list",
                [
                  "object",
                  {
                    "enabled": "bool"
                  }
                ]
              ],
              "workload_identity_config": [
                "list",
                [
                  "object",
                  {
                    "identity_namespace": "string"
                  }
                ]
              ]
            }
          ]
        ]
      ],
      "sensitive": true
    },
    "gke_windows_nodepool_details": {
      "value": [
        {
          "autoscaling": [],
          "cluster": "projects/injae-sandbox/locations/australia-southeast1/clusters/contosouni-5274",
          "id": "projects/injae-sandbox/locations/australia-southeast1/clusters/contosouni-5274/nodePools/contosouni-windows-node-pool",
          "initial_node_count": 1,
          "instance_group_urls": [
            "https://www.googleapis.com/compute/v1/projects/injae-sandbox/zones/australia-southeast1-a/instanceGroupManagers/gke-contosouni-5274-contosouni-window-9bba845d-grp",
            "https://www.googleapis.com/compute/v1/projects/injae-sandbox/zones/australia-southeast1-b/instanceGroupManagers/gke-contosouni-5274-contosouni-window-d52f164d-grp"
          ],
          "location": "australia-southeast1",
          "management": [
            {
              "auto_repair": true,
              "auto_upgrade": true
            }
          ],
          "max_pods_per_node": 110,
          "name": "contosouni-windows-node-pool",
          "name_prefix": "",
          "node_config": [
            {
              "disk_size_gb": 40,
              "disk_type": "pd-balanced",
              "guest_accelerator": [],
              "image_type": "WINDOWS_LTSC",
              "labels": {},
              "local_ssd_count": 0,
              "machine_type": "e2-standard-4",
              "metadata": {
                "disable-legacy-endpoints": "true"
              },
              "min_cpu_platform": "",
              "oauth_scopes": [
                "https://www.googleapis.com/auth/logging.write",
                "https://www.googleapis.com/auth/monitoring"
              ],
              "preemptible": false,
              "service_account": "default",
              "shielded_instance_config": [
                {
                  "enable_integrity_monitoring": true,
                  "enable_secure_boot": false
                }
              ],
              "tags": null,
              "taint": [
                {
                  "effect": "NO_SCHEDULE",
                  "key": "node.kubernetes.io/os",
                  "value": "windows"
                }
              ],
              "workload_metadata_config": []
            }
          ],
          "node_count": 1,
          "node_locations": [
            "australia-southeast1-a",
            "australia-southeast1-b"
          ],
          "operation": null,
          "project": "injae-sandbox",
          "timeouts": {
            "create": "60m",
            "delete": null,
            "update": null
          },
          "upgrade_settings": [
            {
              "max_surge": 1,
              "max_unavailable": 0
            }
          ],
          "version": "1.20.8-gke.2100"
        }
      ],
      "type": [
        "tuple",
        [
          [
            "object",
            {
              "autoscaling": [
                "list",
                [
                  "object",
                  {
                    "max_node_count": "number",
                    "min_node_count": "number"
                  }
                ]
              ],
              "cluster": "string",
              "id": "string",
              "initial_node_count": "number",
              "instance_group_urls": [
                "list",
                "string"
              ],
              "location": "string",
              "management": [
                "list",
                [
                  "object",
                  {
                    "auto_repair": "bool",
                    "auto_upgrade": "bool"
                  }
                ]
              ],
              "max_pods_per_node": "number",
              "name": "string",
              "name_prefix": "string",
              "node_config": [
                "list",
                [
                  "object",
                  {
                    "disk_size_gb": "number",
                    "disk_type": "string",
                    "guest_accelerator": [
                      "list",
                      [
                        "object",
                        {
                          "count": "number",
                          "type": "string"
                        }
                      ]
                    ],
                    "image_type": "string",
                    "labels": [
                      "map",
                      "string"
                    ],
                    "local_ssd_count": "number",
                    "machine_type": "string",
                    "metadata": [
                      "map",
                      "string"
                    ],
                    "min_cpu_platform": "string",
                    "oauth_scopes": [
                      "set",
                      "string"
                    ],
                    "preemptible": "bool",
                    "service_account": "string",
                    "shielded_instance_config": [
                      "list",
                      [
                        "object",
                        {
                          "enable_integrity_monitoring": "bool",
                          "enable_secure_boot": "bool"
                        }
                      ]
                    ],
                    "tags": [
                      "list",
                      "string"
                    ],
                    "taint": [
                      "list",
                      [
                        "object",
                        {
                          "effect": "string",
                          "key": "string",
                          "value": "string"
                        }
                      ]
                    ],
                    "workload_metadata_config": [
                      "list",
                      [
                        "object",
                        {
                          "node_metadata": "string"
                        }
                      ]
                    ]
                  }
                ]
              ],
              "node_count": "number",
              "node_locations": [
                "set",
                "string"
              ],
              "operation": "string",
              "project": "string",
              "timeouts": [
                "object",
                {
                  "create": "string",
                  "delete": "string",
                  "update": "string"
                }
              ],
              "upgrade_settings": [
                "list",
                [
                  "object",
                  {
                    "max_surge": "number",
                    "max_unavailable": "number"
                  }
                ]
              ],
              "version": "string"
            }
          ]
        ]
      ],
      "sensitive": true
    },
    "instances_details": {
      "value": [
        {
          "advanced_machine_features": [],
          "allow_stopping_for_update": null,
          "attached_disk": [],
          "boot_disk": [
            {
              "auto_delete": true,
              "device_name": "persistent-disk-0",
              "disk_encryption_key_raw": "",
              "disk_encryption_key_sha256": "",
              "initialize_params": [
                {
                  "image": "https://www.googleapis.com/compute/v1/projects/injae-sandbox/global/images/contosouniversity-lab",
                  "labels": {},
                  "size": 80,
                  "type": "pd-standard"
                }
              ],
              "kms_key_self_link": "",
              "mode": "READ_WRITE",
              "source": "https://www.googleapis.com/compute/v1/projects/injae-sandbox/zones/australia-southeast1-a/disks/contosouni-5274"
            }
          ],
          "can_ip_forward": false,
          "confidential_instance_config": [],
          "cpu_platform": "Intel Broadwell",
          "current_status": "RUNNING",
          "deletion_protection": false,
          "description": "",
          "desired_status": null,
          "enable_display": false,
          "guest_accelerator": [],
          "hostname": "",
          "id": "projects/injae-sandbox/zones/australia-southeast1-a/instances/contosouni-5274",
          "instance_id": "8343974956477668204",
          "label_fingerprint": "42WmSpB8rSM=",
          "labels": null,
          "machine_type": "e2-standard-4",
          "metadata": null,
          "metadata_fingerprint": "RDLWtd_TeLo=",
          "metadata_startup_script": "",
          "min_cpu_platform": "",
          "name": "contosouni-5274",
          "network_interface": [
            {
              "access_config": [
                {
                  "nat_ip": "34.87.212.34",
                  "network_tier": "PREMIUM",
                  "public_ptr_domain_name": ""
                }
              ],
              "alias_ip_range": [],
              "name": "nic0",
              "network": "https://www.googleapis.com/compute/v1/projects/injae-sandbox/global/networks/contosovpc-5274",
              "network_ip": "192.168.0.2",
              "nic_type": "",
              "subnetwork": "https://www.googleapis.com/compute/v1/projects/injae-sandbox/regions/australia-southeast1/subnetworks/subnet1-5274",
              "subnetwork_project": "injae-sandbox"
            }
          ],
          "project": "injae-sandbox",
          "reservation_affinity": [],
          "resource_policies": null,
          "scheduling": [
            {
              "automatic_restart": true,
              "min_node_cpus": 0,
              "node_affinities": [],
              "on_host_maintenance": "MIGRATE",
              "preemptible": false
            }
          ],
          "scratch_disk": [],
          "self_link": "https://www.googleapis.com/compute/v1/projects/injae-sandbox/zones/australia-southeast1-a/instances/contosouni-5274",
          "service_account": [
            {
              "email": "615294297270-compute@developer.gserviceaccount.com",
              "scopes": [
                "https://www.googleapis.com/auth/cloud-platform"
              ]
            }
          ],
          "shielded_instance_config": [
            {
              "enable_integrity_monitoring": true,
              "enable_secure_boot": false,
              "enable_vtpm": true
            }
          ],
          "tags": [
            "allow-win-rdp-all"
          ],
          "tags_fingerprint": "miEu34lv66o=",
          "timeouts": null,
          "zone": "australia-southeast1-a"
        }
      ],
      "type": [
        "tuple",
        [
          [
            "object",
            {
              "advanced_machine_features": [
                "list",
                [
                  "object",
                  {
                    "enable_nested_virtualization": "bool",
                    "threads_per_core": "number"
                  }
                ]
              ],
              "allow_stopping_for_update": "bool",
              "attached_disk": [
                "list",
                [
                  "object",
                  {
                    "device_name": "string",
                    "disk_encryption_key_raw": "string",
                    "disk_encryption_key_sha256": "string",
                    "kms_key_self_link": "string",
                    "mode": "string",
                    "source": "string"
                  }
                ]
              ],
              "boot_disk": [
                "list",
                [
                  "object",
                  {
                    "auto_delete": "bool",
                    "device_name": "string",
                    "disk_encryption_key_raw": "string",
                    "disk_encryption_key_sha256": "string",
                    "initialize_params": [
                      "list",
                      [
                        "object",
                        {
                          "image": "string",
                          "labels": [
                            "map",
                            "string"
                          ],
                          "size": "number",
                          "type": "string"
                        }
                      ]
                    ],
                    "kms_key_self_link": "string",
                    "mode": "string",
                    "source": "string"
                  }
                ]
              ],
              "can_ip_forward": "bool",
              "confidential_instance_config": [
                "list",
                [
                  "object",
                  {
                    "enable_confidential_compute": "bool"
                  }
                ]
              ],
              "cpu_platform": "string",
              "current_status": "string",
              "deletion_protection": "bool",
              "description": "string",
              "desired_status": "string",
              "enable_display": "bool",
              "guest_accelerator": [
                "list",
                [
                  "object",
                  {
                    "count": "number",
                    "type": "string"
                  }
                ]
              ],
              "hostname": "string",
              "id": "string",
              "instance_id": "string",
              "label_fingerprint": "string",
              "labels": [
                "map",
                "string"
              ],
              "machine_type": "string",
              "metadata": [
                "map",
                "string"
              ],
              "metadata_fingerprint": "string",
              "metadata_startup_script": "string",
              "min_cpu_platform": "string",
              "name": "string",
              "network_interface": [
                "list",
                [
                  "object",
                  {
                    "access_config": [
                      "list",
                      [
                        "object",
                        {
                          "nat_ip": "string",
                          "network_tier": "string",
                          "public_ptr_domain_name": "string"
                        }
                      ]
                    ],
                    "alias_ip_range": [
                      "list",
                      [
                        "object",
                        {
                          "ip_cidr_range": "string",
                          "subnetwork_range_name": "string"
                        }
                      ]
                    ],
                    "name": "string",
                    "network": "string",
                    "network_ip": "string",
                    "nic_type": "string",
                    "subnetwork": "string",
                    "subnetwork_project": "string"
                  }
                ]
              ],
              "project": "string",
              "reservation_affinity": [
                "list",
                [
                  "object",
                  {
                    "specific_reservation": [
                      "list",
                      [
                        "object",
                        {
                          "key": "string",
                          "values": [
                            "list",
                            "string"
                          ]
                        }
                      ]
                    ],
                    "type": "string"
                  }
                ]
              ],
              "resource_policies": [
                "list",
                "string"
              ],
              "scheduling": [
                "list",
                [
                  "object",
                  {
                    "automatic_restart": "bool",
                    "min_node_cpus": "number",
                    "node_affinities": [
                      "set",
                      [
                        "object",
                        {
                          "key": "string",
                          "operator": "string",
                          "values": [
                            "set",
                            "string"
                          ]
                        }
                      ]
                    ],
                    "on_host_maintenance": "string",
                    "preemptible": "bool"
                  }
                ]
              ],
              "scratch_disk": [
                "list",
                [
                  "object",
                  {
                    "interface": "string"
                  }
                ]
              ],
              "self_link": "string",
              "service_account": [
                "list",
                [
                  "object",
                  {
                    "email": "string",
                    "scopes": [
                      "set",
                      "string"
                    ]
                  }
                ]
              ],
              "shielded_instance_config": [
                "list",
                [
                  "object",
                  {
                    "enable_integrity_monitoring": "bool",
                    "enable_secure_boot": "bool",
                    "enable_vtpm": "bool"
                  }
                ]
              ],
              "tags": [
                "set",
                "string"
              ],
              "tags_fingerprint": "string",
              "timeouts": [
                "object",
                {
                  "create": "string",
                  "delete": "string",
                  "update": "string"
                }
              ],
              "zone": "string"
            }
          ]
        ]
      ],
      "sensitive": true
    },
    "instances_self_links": {
      "value": [
        "https://www.googleapis.com/compute/v1/projects/injae-sandbox/zones/australia-southeast1-a/instances/contosouni-5274"
      ],
      "type": [
        "tuple",
        [
          "string"
        ]
      ]
    }
  },
  "resources": [
    {
      "mode": "managed",
      "type": "google_compute_firewall",
      "name": "firewall_win_rdp",
      "provider": "provider[\"registry.terraform.io/hashicorp/google\"]",
      "instances": [
        {
          "schema_version": 1,
          "attributes": {
            "allow": [
              {
                "ports": [
                  "3389"
                ],
                "protocol": "TCP"
              }
            ],
            "creation_timestamp": "2021-09-06T21:06:45.760-07:00",
            "deny": [],
            "description": "",
            "destination_ranges": [],
            "direction": "INGRESS",
            "disabled": false,
            "enable_logging": null,
            "id": "projects/injae-sandbox/global/firewalls/allow-win-rdp-all",
            "log_config": [],
            "name": "allow-win-rdp-all",
            "network": "https://www.googleapis.com/compute/v1/projects/injae-sandbox/global/networks/contosovpc-5274",
            "priority": 1000,
            "project": "injae-sandbox",
            "self_link": "https://www.googleapis.com/compute/v1/projects/injae-sandbox/global/firewalls/allow-win-rdp-all",
            "source_ranges": [
              "0.0.0.0/0"
            ],
            "source_service_accounts": null,
            "source_tags": null,
            "target_service_accounts": null,
            "target_tags": null,
            "timeouts": null
          },
          "sensitive_attributes": [],
          "private": "eyJlMmJmYjczMC1lY2FhLTExZTYtOGY4OC0zNDM2M2JjN2M0YzAiOnsiY3JlYXRlIjoyNDAwMDAwMDAwMDAsImRlbGV0ZSI6MjQwMDAwMDAwMDAwLCJ1cGRhdGUiOjI0MDAwMDAwMDAwMH0sInNjaGVtYV92ZXJzaW9uIjoiMSJ9",
          "dependencies": [
            "google_compute_network.vpc_network",
            "random_id.randomchar"
          ]
        }
      ]
    },
    {
      "mode": "managed",
      "type": "google_compute_instance",
      "name": "compute_instance",
      "provider": "provider[\"registry.terraform.io/hashicorp/google\"]",
      "instances": [
        {
          "index_key": 0,
          "schema_version": 6,
          "attributes": {
            "advanced_machine_features": [],
            "allow_stopping_for_update": null,
            "attached_disk": [],
            "boot_disk": [
              {
                "auto_delete": true,
                "device_name": "persistent-disk-0",
                "disk_encryption_key_raw": "",
                "disk_encryption_key_sha256": "",
                "initialize_params": [
                  {
                    "image": "https://www.googleapis.com/compute/v1/projects/injae-sandbox/global/images/contosouniversity-lab",
                    "labels": {},
                    "size": 80,
                    "type": "pd-standard"
                  }
                ],
                "kms_key_self_link": "",
                "mode": "READ_WRITE",
                "source": "https://www.googleapis.com/compute/v1/projects/injae-sandbox/zones/australia-southeast1-a/disks/contosouni-5274"
              }
            ],
            "can_ip_forward": false,
            "confidential_instance_config": [],
            "cpu_platform": "Intel Broadwell",
            "current_status": "RUNNING",
            "deletion_protection": false,
            "description": "",
            "desired_status": null,
            "enable_display": false,
            "guest_accelerator": [],
            "hostname": "",
            "id": "projects/injae-sandbox/zones/australia-southeast1-a/instances/contosouni-5274",
            "instance_id": "8343974956477668204",
            "label_fingerprint": "42WmSpB8rSM=",
            "labels": null,
            "machine_type": "e2-standard-4",
            "metadata": null,
            "metadata_fingerprint": "RDLWtd_TeLo=",
            "metadata_startup_script": "",
            "min_cpu_platform": "",
            "name": "contosouni-5274",
            "network_interface": [
              {
                "access_config": [
                  {
                    "nat_ip": "34.87.212.34",
                    "network_tier": "PREMIUM",
                    "public_ptr_domain_name": ""
                  }
                ],
                "alias_ip_range": [],
                "name": "nic0",
                "network": "https://www.googleapis.com/compute/v1/projects/injae-sandbox/global/networks/contosovpc-5274",
                "network_ip": "192.168.0.2",
                "nic_type": "",
                "subnetwork": "https://www.googleapis.com/compute/v1/projects/injae-sandbox/regions/australia-southeast1/subnetworks/subnet1-5274",
                "subnetwork_project": "injae-sandbox"
              }
            ],
            "project": "injae-sandbox",
            "reservation_affinity": [],
            "resource_policies": null,
            "scheduling": [
              {
                "automatic_restart": true,
                "min_node_cpus": 0,
                "node_affinities": [],
                "on_host_maintenance": "MIGRATE",
                "preemptible": false
              }
            ],
            "scratch_disk": [],
            "self_link": "https://www.googleapis.com/compute/v1/projects/injae-sandbox/zones/australia-southeast1-a/instances/contosouni-5274",
            "service_account": [
              {
                "email": "615294297270-compute@developer.gserviceaccount.com",
                "scopes": [
                  "https://www.googleapis.com/auth/cloud-platform"
                ]
              }
            ],
            "shielded_instance_config": [
              {
                "enable_integrity_monitoring": true,
                "enable_secure_boot": false,
                "enable_vtpm": true
              }
            ],
            "tags": [
              "allow-win-rdp-all"
            ],
            "tags_fingerprint": "miEu34lv66o=",
            "timeouts": null,
            "zone": "australia-southeast1-a"
          },
          "sensitive_attributes": [],
          "private": "eyJlMmJmYjczMC1lY2FhLTExZTYtOGY4OC0zNDM2M2JjN2M0YzAiOnsiY3JlYXRlIjoxMjAwMDAwMDAwMDAwLCJkZWxldGUiOjEyMDAwMDAwMDAwMDAsInVwZGF0ZSI6MTIwMDAwMDAwMDAwMH0sInNjaGVtYV92ZXJzaW9uIjoiNiJ9",
          "dependencies": [
            "google_compute_network.vpc_network",
            "google_compute_subnetwork.subnet1",
            "random_id.randomchar"
          ]
        }
      ]
    },
    {
      "mode": "managed",
      "type": "google_compute_network",
      "name": "vpc_network",
      "provider": "provider[\"registry.terraform.io/hashicorp/google\"]",
      "instances": [
        {
          "schema_version": 0,
          "attributes": {
            "auto_create_subnetworks": false,
            "delete_default_routes_on_create": false,
            "description": "",
            "gateway_ipv4": "",
            "id": "projects/injae-sandbox/global/networks/contosovpc-5274",
            "mtu": 0,
            "name": "contosovpc-5274",
            "project": "injae-sandbox",
            "routing_mode": "REGIONAL",
            "self_link": "https://www.googleapis.com/compute/v1/projects/injae-sandbox/global/networks/contosovpc-5274",
            "timeouts": null
          },
          "sensitive_attributes": [],
          "private": "eyJlMmJmYjczMC1lY2FhLTExZTYtOGY4OC0zNDM2M2JjN2M0YzAiOnsiY3JlYXRlIjoyNDAwMDAwMDAwMDAsImRlbGV0ZSI6MjQwMDAwMDAwMDAwLCJ1cGRhdGUiOjI0MDAwMDAwMDAwMH19",
          "dependencies": [
            "random_id.randomchar"
          ]
        }
      ]
    },
    {
      "mode": "managed",
      "type": "google_compute_subnetwork",
      "name": "subnet1",
      "provider": "provider[\"registry.terraform.io/hashicorp/google\"]",
      "instances": [
        {
          "schema_version": 0,
          "attributes": {
            "creation_timestamp": "2021-09-06T21:06:46.131-07:00",
            "description": "",
            "fingerprint": null,
            "gateway_address": "192.168.0.1",
            "id": "projects/injae-sandbox/regions/australia-southeast1/subnetworks/subnet1-5274",
            "ip_cidr_range": "192.168.0.0/21",
            "log_config": [],
            "name": "subnet1-5274",
            "network": "https://www.googleapis.com/compute/v1/projects/injae-sandbox/global/networks/contosovpc-5274",
            "private_ip_google_access": false,
            "private_ipv6_google_access": "DISABLE_GOOGLE_ACCESS",
            "project": "injae-sandbox",
            "region": "australia-southeast1",
            "secondary_ip_range": [
              {
                "ip_cidr_range": "10.0.8.0/21",
                "range_name": "subnet-gke-pods"
              },
              {
                "ip_cidr_range": "10.0.16.0/21",
                "range_name": "subnet-gke-services"
              }
            ],
            "self_link": "https://www.googleapis.com/compute/v1/projects/injae-sandbox/regions/australia-southeast1/subnetworks/subnet1-5274",
            "timeouts": null
          },
          "sensitive_attributes": [],
          "private": "eyJlMmJmYjczMC1lY2FhLTExZTYtOGY4OC0zNDM2M2JjN2M0YzAiOnsiY3JlYXRlIjozNjAwMDAwMDAwMDAsImRlbGV0ZSI6MzYwMDAwMDAwMDAwLCJ1cGRhdGUiOjM2MDAwMDAwMDAwMH19",
          "dependencies": [
            "google_compute_network.vpc_network",
            "random_id.randomchar"
          ]
        }
      ]
    },
    {
      "mode": "managed",
      "type": "google_container_cluster",
      "name": "gke_windows",
      "provider": "provider[\"registry.terraform.io/hashicorp/google\"]",
      "instances": [
        {
          "schema_version": 1,
          "attributes": {
            "addons_config": [
              {
                "cloudrun_config": [],
                "horizontal_pod_autoscaling": [],
                "http_load_balancing": [],
                "network_policy_config": [
                  {
                    "disabled": true
                  }
                ]
              }
            ],
            "authenticator_groups_config": [],
            "cluster_autoscaling": [
              {
                "auto_provisioning_defaults": [],
                "enabled": false,
                "resource_limits": []
              }
            ],
            "cluster_ipv4_cidr": "10.0.8.0/21",
            "database_encryption": [
              {
                "key_name": "",
                "state": "DECRYPTED"
              }
            ],
            "datapath_provider": "",
            "default_max_pods_per_node": 110,
            "default_snat_status": [
              {
                "disabled": false
              }
            ],
            "description": "",
            "enable_autopilot": false,
            "enable_binary_authorization": false,
            "enable_intranode_visibility": false,
            "enable_kubernetes_alpha": false,
            "enable_legacy_abac": false,
            "enable_shielded_nodes": false,
            "enable_tpu": false,
            "endpoint": "35.244.122.203",
            "id": "projects/injae-sandbox/locations/australia-southeast1/clusters/contosouni-5274",
            "initial_node_count": 1,
            "instance_group_urls": [
              "https://www.googleapis.com/compute/v1/projects/injae-sandbox/zones/australia-southeast1-c/instanceGroups/gke-contosouni-5274-default-pool-9e999bce-grp",
              "https://www.googleapis.com/compute/v1/projects/injae-sandbox/zones/australia-southeast1-a/instanceGroups/gke-contosouni-5274-default-pool-2f9b07c9-grp",
              "https://www.googleapis.com/compute/v1/projects/injae-sandbox/zones/australia-southeast1-b/instanceGroups/gke-contosouni-5274-default-pool-5522bd92-grp"
            ],
            "ip_allocation_policy": [
              {
                "cluster_ipv4_cidr_block": "10.0.8.0/21",
                "cluster_secondary_range_name": "subnet-gke-pods",
                "services_ipv4_cidr_block": "10.0.16.0/21",
                "services_secondary_range_name": "subnet-gke-services"
              }
            ],
            "label_fingerprint": "a9dc16a7",
            "location": "australia-southeast1",
            "logging_service": "logging.googleapis.com/kubernetes",
            "maintenance_policy": [],
            "master_auth": [
              {
                "client_certificate": "",
                "client_certificate_config": [
                  {
                    "issue_client_certificate": false
                  }
                ],
                "client_key": "",
                "cluster_ca_certificate": "LS0tLS1CRUdJTiBDRVJUSUZJQ0FURS0tLS0tCk1JSUVMVENDQXBXZ0F3SUJBZ0lSQU51RUtrOEZmNmU3ajRYd1JrNFI4L013RFFZSktvWklodmNOQVFFTEJRQXcKTHpFdE1Dc0dBMVVFQXhNa1lXVXdOalV3T1RrdE1tWmxNUzAwTkdGaUxUa3lORGN0TUdVNE5UaGxZbUprWlRBMgpNQ0FYRFRJeE1Ea3dOekF6TURjek1Wb1lEekl3TlRFd09ETXhNRFF3TnpNeFdqQXZNUzB3S3dZRFZRUURFeVJoClpUQTJOVEE1T1MweVptVXhMVFEwWVdJdE9USTBOeTB3WlRnMU9HVmlZbVJsTURZd2dnR2lNQTBHQ1NxR1NJYjMKRFFFQkFRVUFBNElCandBd2dnR0tBb0lCZ1FEYWNqcktkbytEVHZsQWVwQWV3Y2RScjVkaVdCaExjeEhobjFnUwppT0JUNlc4enI1cDkwTHhlS29DZGNyWWRuR1hyL2VZbjJYYS9yYkRMdFliSkZmNEFheHUwU0RacnIvUlYzcnMrCkxnT3NlSWJyVEtEc2VCSE5FOEYrSEowYi9lQWlxVXJVTi9uNFNtWXRwKzM1N0hoNGwyZkhYRitmcXRheGpIbUUKRDdVQmVZeVZqTmxUNGNjMTVkb3FhdnNiM1dtSzFLOEhpeE1vV0JJd0o0SlVPK3N0dFQza2lwd1VQaHl2ZnBJQgpwd295WHhZVFY5YVBtVTg3QjliZE1ydDZLQURmYjVnK1RsanNIZFdIYUVaZkE3VG5SWUtWb0R0UVE1cUhjVXR1CjlzZlRpdyswU2dCdllqaEdNekRJazZ2MXgyaCtOM1U3QmN1UjJiMXVxTXZOeksrLzVrWlhCRmZ5L1k3eUgzVTUKZ1BoRnkxZVhIbkJ1N1YrNEl3b3c5c1N1V01MbXBtNGJiaktNVjJNNi9NNnI4VE9FaW45U3hzYVVPZjlPUTVBTQo3WHhTMGtjWE5KRU81MDFUNmJrcFJDcmEya091REVOR090Qnlzdk1EM0NMZzNrNk1Md05maExGenBpWlg5NXNYClhma1duLzRZVzFRME1QMjVZcXVUWjMwME9za0NBd0VBQWFOQ01FQXdEZ1lEVlIwUEFRSC9CQVFEQWdJRU1BOEcKQTFVZEV3RUIvd1FGTUFNQkFmOHdIUVlEVlIwT0JCWUVGRWZRR3h5WlNWUmZFYTlSeUZzU0l0NE9WYVlOTUEwRwpDU3FHU0liM0RRRUJDd1VBQTRJQmdRQWVGRVVTdUNkQkRZU0sxaU5lOXIyelcwa2syTVFuMFRaRExyQjBHc3FaClZDL05qUFNUUW5NZUtnNUxrZHltYUV5ayt1endNQzdzUGRvRnU4WElnUTFjVVdGNmNpY09EanNaWWNCVXR0bDcKa3BLcGdWVFN5OU90WFZZQlNQZHRvaFJjcGRzQ3BCMksyZ3VKYWZoWGltVFBzTm1wYW01RGI4Y0U0WVFIVHhMOApEWmppeGNtNkhrYlpZTTRaaG81U2xzV0tyMTQ2MXIwOEVzMVFsNlg4NUtkNEpPWVFJZGEwNVFVV2ZjbEs5ZzNTCnhvQjNDVXBLbkZFSnBSV21DczVGc1JLbFd0SGE2SXgySU1kNGJObmx3c2xHbHpaV0NkRDJEdlkrZjAyOE1OVEoKQ2R4eDZDalNlUTh4L05XMEJOREl1eXE3NUlsUlFpczl6Nm1KbVArWkdiUDY1VHE0cnRtbHpsNEJNNXU0ZENvZgpEZXZQOTRia0F4RWNCVlE3czlHWVFTUm5lbnQwQmVMNmhsWGpoVHJrVk9RemVpRThWS0xVdElWNnVubEZwMG1xClRrZVhFR2xESU9hcERUS0E5S1FSYXhRWHZWNnM3NWJmNlhUbU5TWlZCT2FTOEhmYy9NMVBMS1lOSkpqN29rNmYKTjNRRWlaaXE3TFc2eVYrbmVzMGhyQ0U9Ci0tLS0tRU5EIENFUlRJRklDQVRFLS0tLS0K",
                "password": "",
                "username": ""
              }
            ],
            "master_authorized_networks_config": [],
            "master_version": "1.20.8-gke.2100",
            "min_master_version": null,
            "monitoring_service": "monitoring.googleapis.com/kubernetes",
            "name": "contosouni-5274",
            "network": "projects/injae-sandbox/global/networks/contosovpc-5274",
            "network_policy": [
              {
                "enabled": false,
                "provider": "PROVIDER_UNSPECIFIED"
              }
            ],
            "networking_mode": "VPC_NATIVE",
            "node_config": [
              {
                "disk_size_gb": 100,
                "disk_type": "pd-standard",
                "guest_accelerator": [],
                "image_type": "COS_CONTAINERD",
                "labels": {},
                "local_ssd_count": 0,
                "machine_type": "e2-medium",
                "metadata": {
                  "disable-legacy-endpoints": "true"
                },
                "min_cpu_platform": "",
                "oauth_scopes": [
                  "https://www.googleapis.com/auth/devstorage.read_only",
                  "https://www.googleapis.com/auth/logging.write",
                  "https://www.googleapis.com/auth/monitoring",
                  "https://www.googleapis.com/auth/service.management.readonly",
                  "https://www.googleapis.com/auth/servicecontrol",
                  "https://www.googleapis.com/auth/trace.append"
                ],
                "preemptible": false,
                "service_account": "default",
                "shielded_instance_config": [
                  {
                    "enable_integrity_monitoring": true,
                    "enable_secure_boot": false
                  }
                ],
                "tags": [],
                "taint": [],
                "workload_metadata_config": []
              }
            ],
            "node_locations": [
              "australia-southeast1-a",
              "australia-southeast1-b",
              "australia-southeast1-c"
            ],
            "node_pool": [
              {
                "autoscaling": [],
                "initial_node_count": 1,
                "instance_group_urls": [
                  "https://www.googleapis.com/compute/v1/projects/injae-sandbox/zones/australia-southeast1-c/instanceGroupManagers/gke-contosouni-5274-default-pool-9e999bce-grp",
                  "https://www.googleapis.com/compute/v1/projects/injae-sandbox/zones/australia-southeast1-a/instanceGroupManagers/gke-contosouni-5274-default-pool-2f9b07c9-grp",
                  "https://www.googleapis.com/compute/v1/projects/injae-sandbox/zones/australia-southeast1-b/instanceGroupManagers/gke-contosouni-5274-default-pool-5522bd92-grp"
                ],
                "management": [
                  {
                    "auto_repair": true,
                    "auto_upgrade": true
                  }
                ],
                "max_pods_per_node": 110,
                "name": "default-pool",
                "name_prefix": "",
                "node_config": [
                  {
                    "disk_size_gb": 100,
                    "disk_type": "pd-standard",
                    "guest_accelerator": [],
                    "image_type": "COS_CONTAINERD",
                    "labels": {},
                    "local_ssd_count": 0,
                    "machine_type": "e2-medium",
                    "metadata": {
                      "disable-legacy-endpoints": "true"
                    },
                    "min_cpu_platform": "",
                    "oauth_scopes": [
                      "https://www.googleapis.com/auth/devstorage.read_only",
                      "https://www.googleapis.com/auth/logging.write",
                      "https://www.googleapis.com/auth/monitoring",
                      "https://www.googleapis.com/auth/service.management.readonly",
                      "https://www.googleapis.com/auth/servicecontrol",
                      "https://www.googleapis.com/auth/trace.append"
                    ],
                    "preemptible": false,
                    "service_account": "default",
                    "shielded_instance_config": [
                      {
                        "enable_integrity_monitoring": true,
                        "enable_secure_boot": false
                      }
                    ],
                    "tags": [],
                    "taint": [],
                    "workload_metadata_config": []
                  }
                ],
                "node_count": 1,
                "node_locations": [
                  "australia-southeast1-a",
                  "australia-southeast1-b",
                  "australia-southeast1-c"
                ],
                "upgrade_settings": [
                  {
                    "max_surge": 1,
                    "max_unavailable": 0
                  }
                ],
                "version": "1.20.8-gke.2100"
              }
            ],
            "node_version": "1.20.8-gke.2100",
            "operation": null,
            "pod_security_policy_config": [],
            "private_cluster_config": [],
            "private_ipv6_google_access": "",
            "project": "injae-sandbox",
            "release_channel": [
              {
                "channel": "REGULAR"
              }
            ],
            "remove_default_node_pool": false,
            "resource_labels": null,
            "resource_usage_export_config": [],
            "self_link": "https://container.googleapis.com/v1beta1/projects/injae-sandbox/locations/australia-southeast1/clusters/contosouni-5274",
            "services_ipv4_cidr": "10.0.16.0/21",
            "subnetwork": "projects/injae-sandbox/regions/australia-southeast1/subnetworks/subnet1-5274",
            "timeouts": null,
            "tpu_ipv4_cidr_block": "",
            "vertical_pod_autoscaling": [],
            "workload_identity_config": []
          },
          "sensitive_attributes": [],
          "private": "eyJlMmJmYjczMC1lY2FhLTExZTYtOGY4OC0zNDM2M2JjN2M0YzAiOnsiY3JlYXRlIjoyNDAwMDAwMDAwMDAwLCJkZWxldGUiOjI0MDAwMDAwMDAwMDAsInJlYWQiOjI0MDAwMDAwMDAwMDAsInVwZGF0ZSI6MzYwMDAwMDAwMDAwMH0sInNjaGVtYV92ZXJzaW9uIjoiMSJ9",
          "dependencies": [
            "google_compute_network.vpc_network",
            "google_compute_subnetwork.subnet1",
            "random_id.randomchar"
          ]
        }
      ]
    },
    {
      "mode": "managed",
      "type": "google_container_node_pool",
      "name": "windows_nodepool",
      "provider": "provider[\"registry.terraform.io/hashicorp/google\"]",
      "instances": [
        {
          "schema_version": 1,
          "attributes": {
            "autoscaling": [],
            "cluster": "projects/injae-sandbox/locations/australia-southeast1/clusters/contosouni-5274",
            "id": "projects/injae-sandbox/locations/australia-southeast1/clusters/contosouni-5274/nodePools/contosouni-windows-node-pool",
            "initial_node_count": 1,
            "instance_group_urls": [
              "https://www.googleapis.com/compute/v1/projects/injae-sandbox/zones/australia-southeast1-a/instanceGroupManagers/gke-contosouni-5274-contosouni-window-9bba845d-grp",
              "https://www.googleapis.com/compute/v1/projects/injae-sandbox/zones/australia-southeast1-b/instanceGroupManagers/gke-contosouni-5274-contosouni-window-d52f164d-grp"
            ],
            "location": "australia-southeast1",
            "management": [
              {
                "auto_repair": true,
                "auto_upgrade": true
              }
            ],
            "max_pods_per_node": 110,
            "name": "contosouni-windows-node-pool",
            "name_prefix": "",
            "node_config": [
              {
                "disk_size_gb": 40,
                "disk_type": "pd-balanced",
                "guest_accelerator": [],
                "image_type": "WINDOWS_LTSC",
                "labels": {},
                "local_ssd_count": 0,
                "machine_type": "e2-standard-4",
                "metadata": {
                  "disable-legacy-endpoints": "true"
                },
                "min_cpu_platform": "",
                "oauth_scopes": [
                  "https://www.googleapis.com/auth/logging.write",
                  "https://www.googleapis.com/auth/monitoring"
                ],
                "preemptible": false,
                "service_account": "default",
                "shielded_instance_config": [
                  {
                    "enable_integrity_monitoring": true,
                    "enable_secure_boot": false
                  }
                ],
                "tags": null,
                "taint": [
                  {
                    "effect": "NO_SCHEDULE",
                    "key": "node.kubernetes.io/os",
                    "value": "windows"
                  }
                ],
                "workload_metadata_config": []
              }
            ],
            "node_count": 1,
            "node_locations": [
              "australia-southeast1-a",
              "australia-southeast1-b"
            ],
            "operation": null,
            "project": "injae-sandbox",
            "timeouts": {
              "create": "60m",
              "delete": null,
              "update": null
            },
            "upgrade_settings": [
              {
                "max_surge": 1,
                "max_unavailable": 0
              }
            ],
            "version": "1.20.8-gke.2100"
          },
          "sensitive_attributes": [],
          "private": "eyJlMmJmYjczMC1lY2FhLTExZTYtOGY4OC0zNDM2M2JjN2M0YzAiOnsiY3JlYXRlIjozNjAwMDAwMDAwMDAwLCJkZWxldGUiOjE4MDAwMDAwMDAwMDAsInVwZGF0ZSI6MTgwMDAwMDAwMDAwMH0sInNjaGVtYV92ZXJzaW9uIjoiMSJ9",
          "dependencies": [
            "google_compute_network.vpc_network",
            "google_compute_subnetwork.subnet1",
            "google_container_cluster.gke_windows",
            "random_id.randomchar"
          ]
        }
      ]
    },
    {
      "mode": "managed",
      "type": "google_sql_database_instance",
      "name": "db_instance",
      "provider": "provider[\"registry.terraform.io/hashicorp/google\"]",
      "instances": [
        {
          "schema_version": 0,
          "attributes": {
            "clone": [],
            "connection_name": "injae-sandbox:australia-southeast1:contosouni-5274",
            "database_version": "SQLSERVER_2017_EXPRESS",
            "deletion_protection": false,
            "first_ip_address": "35.189.45.47",
            "id": "contosouni-5274",
            "ip_address": [
              {
                "ip_address": "35.189.45.47",
                "time_to_retire": "",
                "type": "PRIMARY"
              }
            ],
            "master_instance_name": "",
            "name": "contosouni-5274",
            "private_ip_address": "",
            "project": "injae-sandbox",
            "public_ip_address": "35.189.45.47",
            "region": "australia-southeast1",
            "replica_configuration": [],
            "restore_backup_context": [],
            "root_password": "P@55w0rd!",
            "self_link": "https://sqladmin.googleapis.com/sql/v1beta4/projects/injae-sandbox/instances/contosouni-5274",
            "server_ca_cert": [
              {
                "cert": "-----BEGIN CERTIFICATE-----\nMIIDfzCCAmegAwIBAgIBADANBgkqhkiG9w0BAQsFADB3MS0wKwYDVQQuEyQzZGU5\nMmI1Yi01OTFkLTRlZmQtOWE5Ny05OThmZjFkMDJiZmIxIzAhBgNVBAMTGkdvb2ds\nZSBDbG91ZCBTUUwgU2VydmVyIENBMRQwEgYDVQQKEwtHb29nbGUsIEluYzELMAkG\nA1UEBhMCVVMwHhcNMjEwOTA3MDQwNjUzWhcNMzEwOTA1MDQwNzUzWjB3MS0wKwYD\nVQQuEyQzZGU5MmI1Yi01OTFkLTRlZmQtOWE5Ny05OThmZjFkMDJiZmIxIzAhBgNV\nBAMTGkdvb2dsZSBDbG91ZCBTUUwgU2VydmVyIENBMRQwEgYDVQQKEwtHb29nbGUs\nIEluYzELMAkGA1UEBhMCVVMwggEiMA0GCSqGSIb3DQEBAQUAA4IBDwAwggEKAoIB\nAQC/mPD7swF05vFP3A5x09eZwcPWmLfUa+6SMaTDswQmyumUGZslGkpQ2x579fFV\nOqGDzY/EfrROG/ojs9zYauXV/0hL6p7RzE+7R0ASzpSjUFYNbReeZstKItMRPo6z\nms6+4O7s1NVXjKxyUnQ77sgJ7Dh+Won7isJSHGZpOmB1ISBkNgAnCDMXNek8URzT\nyz5Jf1/ebhprLnHKZemhKKLZwXc0Oqt/ivQ7JkXQTPlsYx3lpVRp/5pG2IHdc0Gx\nzBnO87dx9BSWCGNAORKTQJ8gdaH0uF1GPKOaNYf2/zz9YUVQhswqCtATXyngEoTN\ngIw6jQriiN0riX3eyRVHxkWfAgMBAAGjFjAUMBIGA1UdEwEB/wQIMAYBAf8CAQAw\nDQYJKoZIhvcNAQELBQADggEBAKeJX3pfdBRcjNwnENOI8Bp1kDl7hNa8vlCkG0OE\nuUTzmwiEG00SmXu05LrgnOW2bJ5hjBOWiZiq69vvHSuzjtWm1+BTcRQXUXm5jUWF\nWsEWvRzNLcJHj8u/j58rYPsZQvxKgEHazmH0oP2ggR7lCu7JiID//U+YB/OrgwAe\ngL+NDpBhqhzy1jq9tqS5cxu1Y6rYKzw7oo11i3ijmmgVrF2Lpo5DbpbWN6HczYAI\nuxytNo+DAWGBJ5CFugYW/M+90n7XqQNwQ93a+JOu8RyBbj4PLi9p8tvjOqmkRmj/\nMP6LllnA9Fn1fIN9reOY96mUrfRRSz0oL/ntuVuqvkZTOPs=\n-----END CERTIFICATE-----",
                "common_name": "C=US,O=Google\\, Inc,CN=Google Cloud SQL Server CA,dnQualifier=3de92b5b-591d-4efd-9a97-998ff1d02bfb",
                "create_time": "2021-09-07T04:06:53.490Z",
                "expiration_time": "2031-09-05T04:07:53.490Z",
                "sha1_fingerprint": "1ca006bcd9446a49efd50d35a11df52b5203d83c"
              }
            ],
            "service_account_email_address": "p615294297270-0bmh1f@gcp-sa-cloud-sql.iam.gserviceaccount.com",
            "settings": [
              {
                "activation_policy": "ALWAYS",
                "authorized_gae_applications": [],
                "availability_type": "ZONAL",
                "backup_configuration": [
                  {
                    "backup_retention_settings": [
                      {
                        "retained_backups": 7,
                        "retention_unit": "COUNT"
                      }
                    ],
                    "binary_log_enabled": false,
                    "enabled": false,
                    "location": "",
                    "point_in_time_recovery_enabled": false,
                    "start_time": "18:00",
                    "transaction_log_retention_days": 7
                  }
                ],
                "collation": "",
                "crash_safe_replication": false,
                "database_flags": [],
                "disk_autoresize": true,
                "disk_autoresize_limit": 0,
                "disk_size": 10,
                "disk_type": "PD_SSD",
                "insights_config": [],
                "ip_configuration": [
                  {
                    "authorized_networks": [
                      {
                        "expiration_time": "",
                        "name": "allowed-0.0.0.0/0",
                        "value": "0.0.0.0/0"
                      }
                    ],
                    "ipv4_enabled": true,
                    "private_network": "",
                    "require_ssl": false
                  }
                ],
                "location_preference": [
                  {
                    "follow_gae_application": "",
                    "zone": "australia-southeast1-a"
                  }
                ],
                "maintenance_window": [],
                "pricing_plan": "PER_USE",
                "replication_type": "SYNCHRONOUS",
                "tier": "db-custom-2-3840",
                "user_labels": {},
                "version": 1
              }
            ],
            "timeouts": null
          },
          "sensitive_attributes": [],
          "private": "eyJlMmJmYjczMC1lY2FhLTExZTYtOGY4OC0zNDM2M2JjN2M0YzAiOnsiY3JlYXRlIjoxODAwMDAwMDAwMDAwLCJkZWxldGUiOjE4MDAwMDAwMDAwMDAsInVwZGF0ZSI6MTgwMDAwMDAwMDAwMH19",
          "dependencies": [
            "random_id.randomchar"
          ]
        }
      ]
    },
    {
      "mode": "managed",
      "type": "random_id",
      "name": "randomchar",
      "provider": "provider[\"registry.terraform.io/hashicorp/random\"]",
      "instances": [
        {
          "schema_version": 0,
          "attributes": {
            "b64_std": "UnQ=",
            "b64_url": "UnQ",
            "byte_length": 2,
            "dec": "21108",
            "hex": "5274",
            "id": "UnQ",
            "keepers": null,
            "prefix": null
          },
          "sensitive_attributes": [],
          "private": "bnVsbA=="
        }
      ]
    },
    {
      "module": "module.project-services",
      "mode": "managed",
      "type": "google_project_service",
      "name": "project_services",
      "provider": "provider[\"registry.terraform.io/hashicorp/google\"]",
      "instances": [
        {
          "index_key": "cloudbuild.googleapis.com",
          "schema_version": 0,
          "attributes": {
            "disable_dependent_services": true,
            "disable_on_destroy": true,
            "id": "injae-sandbox/cloudbuild.googleapis.com",
            "project": "injae-sandbox",
            "service": "cloudbuild.googleapis.com",
            "timeouts": null
          },
          "sensitive_attributes": [],
          "private": "eyJlMmJmYjczMC1lY2FhLTExZTYtOGY4OC0zNDM2M2JjN2M0YzAiOnsiY3JlYXRlIjoxMjAwMDAwMDAwMDAwLCJkZWxldGUiOjEyMDAwMDAwMDAwMDAsInJlYWQiOjYwMDAwMDAwMDAwMCwidXBkYXRlIjoxMjAwMDAwMDAwMDAwfX0="
        },
        {
          "index_key": "cloudresourcemanager.googleapis.com",
          "schema_version": 0,
          "attributes": {
            "disable_dependent_services": true,
            "disable_on_destroy": true,
            "id": "injae-sandbox/cloudresourcemanager.googleapis.com",
            "project": "injae-sandbox",
            "service": "cloudresourcemanager.googleapis.com",
            "timeouts": null
          },
          "sensitive_attributes": [],
          "private": "eyJlMmJmYjczMC1lY2FhLTExZTYtOGY4OC0zNDM2M2JjN2M0YzAiOnsiY3JlYXRlIjoxMjAwMDAwMDAwMDAwLCJkZWxldGUiOjEyMDAwMDAwMDAwMDAsInJlYWQiOjYwMDAwMDAwMDAwMCwidXBkYXRlIjoxMjAwMDAwMDAwMDAwfX0="
        },
        {
          "index_key": "compute.googleapis.com",
          "schema_version": 0,
          "attributes": {
            "disable_dependent_services": true,
            "disable_on_destroy": true,
            "id": "injae-sandbox/compute.googleapis.com",
            "project": "injae-sandbox",
            "service": "compute.googleapis.com",
            "timeouts": null
          },
          "sensitive_attributes": [],
          "private": "eyJlMmJmYjczMC1lY2FhLTExZTYtOGY4OC0zNDM2M2JjN2M0YzAiOnsiY3JlYXRlIjoxMjAwMDAwMDAwMDAwLCJkZWxldGUiOjEyMDAwMDAwMDAwMDAsInJlYWQiOjYwMDAwMDAwMDAwMCwidXBkYXRlIjoxMjAwMDAwMDAwMDAwfX0="
        },
        {
          "index_key": "container.googleapis.com",
          "schema_version": 0,
          "attributes": {
            "disable_dependent_services": true,
            "disable_on_destroy": true,
            "id": "injae-sandbox/container.googleapis.com",
            "project": "injae-sandbox",
            "service": "container.googleapis.com",
            "timeouts": null
          },
          "sensitive_attributes": [],
          "private": "eyJlMmJmYjczMC1lY2FhLTExZTYtOGY4OC0zNDM2M2JjN2M0YzAiOnsiY3JlYXRlIjoxMjAwMDAwMDAwMDAwLCJkZWxldGUiOjEyMDAwMDAwMDAwMDAsInJlYWQiOjYwMDAwMDAwMDAwMCwidXBkYXRlIjoxMjAwMDAwMDAwMDAwfX0="
        },
        {
          "index_key": "containerregistry.googleapis.com",
          "schema_version": 0,
          "attributes": {
            "disable_dependent_services": true,
            "disable_on_destroy": true,
            "id": "injae-sandbox/containerregistry.googleapis.com",
            "project": "injae-sandbox",
            "service": "containerregistry.googleapis.com",
            "timeouts": null
          },
          "sensitive_attributes": [],
          "private": "eyJlMmJmYjczMC1lY2FhLTExZTYtOGY4OC0zNDM2M2JjN2M0YzAiOnsiY3JlYXRlIjoxMjAwMDAwMDAwMDAwLCJkZWxldGUiOjEyMDAwMDAwMDAwMDAsInJlYWQiOjYwMDAwMDAwMDAwMCwidXBkYXRlIjoxMjAwMDAwMDAwMDAwfX0="
        },
        {
          "index_key": "iam.googleapis.com",
          "schema_version": 0,
          "attributes": {
            "disable_dependent_services": true,
            "disable_on_destroy": true,
            "id": "injae-sandbox/iam.googleapis.com",
            "project": "injae-sandbox",
            "service": "iam.googleapis.com",
            "timeouts": null
          },
          "sensitive_attributes": [],
          "private": "eyJlMmJmYjczMC1lY2FhLTExZTYtOGY4OC0zNDM2M2JjN2M0YzAiOnsiY3JlYXRlIjoxMjAwMDAwMDAwMDAwLCJkZWxldGUiOjEyMDAwMDAwMDAwMDAsInJlYWQiOjYwMDAwMDAwMDAwMCwidXBkYXRlIjoxMjAwMDAwMDAwMDAwfX0="
        },
        {
          "index_key": "run.googleapis.com",
          "schema_version": 0,
          "attributes": {
            "disable_dependent_services": true,
            "disable_on_destroy": true,
            "id": "injae-sandbox/run.googleapis.com",
            "project": "injae-sandbox",
            "service": "run.googleapis.com",
            "timeouts": null
          },
          "sensitive_attributes": [],
          "private": "eyJlMmJmYjczMC1lY2FhLTExZTYtOGY4OC0zNDM2M2JjN2M0YzAiOnsiY3JlYXRlIjoxMjAwMDAwMDAwMDAwLCJkZWxldGUiOjEyMDAwMDAwMDAwMDAsInJlYWQiOjYwMDAwMDAwMDAwMCwidXBkYXRlIjoxMjAwMDAwMDAwMDAwfX0="
        },
        {
          "index_key": "servicenetworking.googleapis.com",
          "schema_version": 0,
          "attributes": {
            "disable_dependent_services": true,
            "disable_on_destroy": true,
            "id": "injae-sandbox/servicenetworking.googleapis.com",
            "project": "injae-sandbox",
            "service": "servicenetworking.googleapis.com",
            "timeouts": null
          },
          "sensitive_attributes": [],
          "private": "eyJlMmJmYjczMC1lY2FhLTExZTYtOGY4OC0zNDM2M2JjN2M0YzAiOnsiY3JlYXRlIjoxMjAwMDAwMDAwMDAwLCJkZWxldGUiOjEyMDAwMDAwMDAwMDAsInJlYWQiOjYwMDAwMDAwMDAwMCwidXBkYXRlIjoxMjAwMDAwMDAwMDAwfX0="
        },
        {
          "index_key": "sqladmin.googleapis.com",
          "schema_version": 0,
          "attributes": {
            "disable_dependent_services": true,
            "disable_on_destroy": true,
            "id": "injae-sandbox/sqladmin.googleapis.com",
            "project": "injae-sandbox",
            "service": "sqladmin.googleapis.com",
            "timeouts": null
          },
          "sensitive_attributes": [],
          "private": "eyJlMmJmYjczMC1lY2FhLTExZTYtOGY4OC0zNDM2M2JjN2M0YzAiOnsiY3JlYXRlIjoxMjAwMDAwMDAwMDAwLCJkZWxldGUiOjEyMDAwMDAwMDAwMDAsInJlYWQiOjYwMDAwMDAwMDAwMCwidXBkYXRlIjoxMjAwMDAwMDAwMDAwfX0="
        }
      ]
    }
  ]
}
